{
  "requires": true,
  "lockfileVersion": 1,
  "dependencies": {
    "lil-gui": {
      "version": "0.19.1",
      "resolved": "https://registry.npmmirror.com/lil-gui/-/lil-gui-0.19.1.tgz",
      "integrity": "sha512-9dbIg+UxS8RIROI6OH5gV2KrVE0Cn37bcLOQGF2GKN8ibTxDrUSLzzZfkQR82LnZsgs7DEZOOGfn3zhtd6hk0Q=="
    },
    "three": {
      "version": "0.160.0",
      "resolved": "https://registry.npmmirror.com/three/-/three-0.160.0.tgz",
      "integrity": "sha512-DLU8lc0zNIPkM7rH5/e1Ks1Z8tWCGRq6g8mPowdDJpw1CFBJMU7UoJjC6PefXW7z//SSl0b2+GCw14LB+uDhng=="
    }
  }
}
